
Microsoft Visual Studio Solution File, Format Version 12.00
# Visual Studio Version 17
VisualStudioVersion = 17.11.35303.130
MinimumVisualStudioVersion = 10.0.40219.1
Project("{FAE04EC0-301F-11D3-BF4B-00C04F79EFBC}") = "TodoList", "TodoList\TodoList.csproj", "{E8E4AAF1-A8E0-4EA1-BF6E-88576A9488D2}"
EndProject
Global
	GlobalSection(SolutionConfigurationPlatforms) = preSolution
		Debug|Any CPU = Debug|Any CPU
		Release|Any CPU = Release|Any CPU
	EndGlobalSection
	GlobalSection(ProjectConfigurationPlatforms) = postSolution
		{E8E4AAF1-A8E0-4EA1-BF6E-88576A9488D2}.Debug|Any CPU.ActiveCfg = Debug|Any CPU
		{E8E4AAF1-A8E0-4EA1-BF6E-88576A9488D2}.Debug|Any CPU.Build.0 = Debug|Any CPU
		{E8E4AAF1-A8E0-4EA1-BF6E-88576A9488D2}.Release|Any CPU.ActiveCfg = Release|Any CPU
		{E8E4AAF1-A8E0-4EA1-BF6E-88576A9488D2}.Release|Any CPU.Build.0 = Release|Any CPU
	EndGlobalSection
	GlobalSection(SolutionProperties) = preSolution
		HideSolutionNode = FALSE
	EndGlobalSection
	GlobalSection(ExtensibilityGlobals) = postSolution
		SolutionGuid = {44A5D7E2-7363-4AA3-AE14-043B0EE010A2}
	EndGlobalSection
EndGlobal
